
Microsoft Visual Studio Solution File, Format Version 12.00
# Visual Studio Version 17
VisualStudioVersion = 17.11.35219.272
MinimumVisualStudioVersion = 10.0.40219.1
Project("{8BC9CEB8-8B4A-11D0-8D11-00A0C91BC942}") = "Ch04Exercise16", "Ch04Exercise16.vcxproj", "{051B58E0-5270-4281-BE4C-5322DFD5F734}"
EndProject
Global
	GlobalSection(SolutionConfigurationPlatforms) = preSolution
		Debug|x64 = Debug|x64
		Debug|x86 = Debug|x86
		Release|x64 = Release|x64
		Release|x86 = Release|x86
	EndGlobalSection
	GlobalSection(ProjectConfigurationPlatforms) = postSolution
		{051B58E0-5270-4281-BE4C-5322DFD5F734}.Debug|x64.ActiveCfg = Debug|x64
		{051B58E0-5270-4281-BE4C-5322DFD5F734}.Debug|x64.Build.0 = Debug|x64
		{051B58E0-5270-4281-BE4C-5322DFD5F734}.Debug|x86.ActiveCfg = Debug|Win32
		{051B58E0-5270-4281-BE4C-5322DFD5F734}.Debug|x86.Build.0 = Debug|Win32
		{051B58E0-5270-4281-BE4C-5322DFD5F734}.Release|x64.ActiveCfg = Release|x64
		{051B58E0-5270-4281-BE4C-5322DFD5F734}.Release|x64.Build.0 = Release|x64
		{051B58E0-5270-4281-BE4C-5322DFD5F734}.Release|x86.ActiveCfg = Release|Win32
		{051B58E0-5270-4281-BE4C-5322DFD5F734}.Release|x86.Build.0 = Release|Win32
	EndGlobalSection
	GlobalSection(SolutionProperties) = preSolution
		HideSolutionNode = FALSE
	EndGlobalSection
	GlobalSection(ExtensibilityGlobals) = postSolution
		SolutionGuid = {DF22E450-AF66-4EA8-8913-DB342682E13A}
	EndGlobalSection
EndGlobal
