
Microsoft Visual Studio Solution File, Format Version 12.00
# Visual Studio Version 17
VisualStudioVersion = 17.11.35219.272
MinimumVisualStudioVersion = 10.0.40219.1
Project("{8BC9CEB8-8B4A-11D0-8D11-00A0C91BC942}") = "Discussion_MaxJankowski_Debugged", "Discussion_MaxJankowski_Debugged.vcxproj", "{39516E47-EA22-4878-BCBC-8E5524533D68}"
EndProject
Global
	GlobalSection(SolutionConfigurationPlatforms) = preSolution
		Debug|x64 = Debug|x64
		Debug|x86 = Debug|x86
		Release|x64 = Release|x64
		Release|x86 = Release|x86
	EndGlobalSection
	GlobalSection(ProjectConfigurationPlatforms) = postSolution
		{39516E47-EA22-4878-BCBC-8E5524533D68}.Debug|x64.ActiveCfg = Debug|x64
		{39516E47-EA22-4878-BCBC-8E5524533D68}.Debug|x64.Build.0 = Debug|x64
		{39516E47-EA22-4878-BCBC-8E5524533D68}.Debug|x86.ActiveCfg = Debug|Win32
		{39516E47-EA22-4878-BCBC-8E5524533D68}.Debug|x86.Build.0 = Debug|Win32
		{39516E47-EA22-4878-BCBC-8E5524533D68}.Release|x64.ActiveCfg = Release|x64
		{39516E47-EA22-4878-BCBC-8E5524533D68}.Release|x64.Build.0 = Release|x64
		{39516E47-EA22-4878-BCBC-8E5524533D68}.Release|x86.ActiveCfg = Release|Win32
		{39516E47-EA22-4878-BCBC-8E5524533D68}.Release|x86.Build.0 = Release|Win32
	EndGlobalSection
	GlobalSection(SolutionProperties) = preSolution
		HideSolutionNode = FALSE
	EndGlobalSection
	GlobalSection(ExtensibilityGlobals) = postSolution
		SolutionGuid = {BFBA5186-84C2-4EEC-BB53-75A5BD98D502}
	EndGlobalSection
EndGlobal
