
Microsoft Visual Studio Solution File, Format Version 12.00
# Visual Studio Version 17
VisualStudioVersion = 17.11.35219.272
MinimumVisualStudioVersion = 10.0.40219.1
Project("{8BC9CEB8-8B4A-11D0-8D11-00A0C91BC942}") = "M11_Discussion_JoshB", "M11_Discussion_JoshB.vcxproj", "{48E6D696-18D0-4812-947C-51503D698B5D}"
EndProject
Global
	GlobalSection(SolutionConfigurationPlatforms) = preSolution
		Debug|x64 = Debug|x64
		Debug|x86 = Debug|x86
		Release|x64 = Release|x64
		Release|x86 = Release|x86
	EndGlobalSection
	GlobalSection(ProjectConfigurationPlatforms) = postSolution
		{48E6D696-18D0-4812-947C-51503D698B5D}.Debug|x64.ActiveCfg = Debug|x64
		{48E6D696-18D0-4812-947C-51503D698B5D}.Debug|x64.Build.0 = Debug|x64
		{48E6D696-18D0-4812-947C-51503D698B5D}.Debug|x86.ActiveCfg = Debug|Win32
		{48E6D696-18D0-4812-947C-51503D698B5D}.Debug|x86.Build.0 = Debug|Win32
		{48E6D696-18D0-4812-947C-51503D698B5D}.Release|x64.ActiveCfg = Release|x64
		{48E6D696-18D0-4812-947C-51503D698B5D}.Release|x64.Build.0 = Release|x64
		{48E6D696-18D0-4812-947C-51503D698B5D}.Release|x86.ActiveCfg = Release|Win32
		{48E6D696-18D0-4812-947C-51503D698B5D}.Release|x86.Build.0 = Release|Win32
	EndGlobalSection
	GlobalSection(SolutionProperties) = preSolution
		HideSolutionNode = FALSE
	EndGlobalSection
	GlobalSection(ExtensibilityGlobals) = postSolution
		SolutionGuid = {77EC135F-7E88-41C6-B2DF-F9F900B21B72}
	EndGlobalSection
EndGlobal
